
Microsoft Visual Studio Solution File, Format Version 12.00
# Visual Studio Version 17
VisualStudioVersion = 17.7.34202.233
MinimumVisualStudioVersion = 10.0.40219.1
Project("{9A19103F-16F7-4668-BE54-9A1E7A4F7556}") = "Lab01", "Lab01\Lab01.csproj", "{EB29CD37-00D9-4AC4-9DE7-ADA583B0DD29}"
EndProject
Project("{FAE04EC0-301F-11D3-BF4B-00C04F79EFBC}") = "Lab02", "Lab02\Lab02.csproj", "{8DFE97F6-B6B5-41DA-82EA-E84A22D361D0}"
EndProject
Global
	GlobalSection(SolutionConfigurationPlatforms) = preSolution
		Debug|Any CPU = Debug|Any CPU
		Release|Any CPU = Release|Any CPU
	EndGlobalSection
	GlobalSection(ProjectConfigurationPlatforms) = postSolution
		{EB29CD37-00D9-4AC4-9DE7-ADA583B0DD29}.Debug|Any CPU.ActiveCfg = Debug|Any CPU
		{EB29CD37-00D9-4AC4-9DE7-ADA583B0DD29}.Debug|Any CPU.Build.0 = Debug|Any CPU
		{EB29CD37-00D9-4AC4-9DE7-ADA583B0DD29}.Release|Any CPU.ActiveCfg = Release|Any CPU
		{EB29CD37-00D9-4AC4-9DE7-ADA583B0DD29}.Release|Any CPU.Build.0 = Release|Any CPU
		{8DFE97F6-B6B5-41DA-82EA-E84A22D361D0}.Debug|Any CPU.ActiveCfg = Debug|Any CPU
		{8DFE97F6-B6B5-41DA-82EA-E84A22D361D0}.Debug|Any CPU.Build.0 = Debug|Any CPU
		{8DFE97F6-B6B5-41DA-82EA-E84A22D361D0}.Release|Any CPU.ActiveCfg = Release|Any CPU
		{8DFE97F6-B6B5-41DA-82EA-E84A22D361D0}.Release|Any CPU.Build.0 = Release|Any CPU
	EndGlobalSection
	GlobalSection(SolutionProperties) = preSolution
		HideSolutionNode = FALSE
	EndGlobalSection
	GlobalSection(ExtensibilityGlobals) = postSolution
		SolutionGuid = {BE4B1B3D-13A9-4DA4-B552-9BFC8DD7EBD5}
	EndGlobalSection
EndGlobal
